
Microsoft Visual Studio Solution File, Format Version 12.00
# Visual Studio Version 16
VisualStudioVersion = 16.0.32228.343
MinimumVisualStudioVersion = 10.0.40219.1
Project("{FAE04EC0-301F-11D3-BF4B-00C04F79EFBC}") = "FuckMBR", "FuckMBR\FuckMBR.csproj", "{2BD07656-0E41-4434-AA11-4DD26F212BDD}"
EndProject
Global
	GlobalSection(SolutionConfigurationPlatforms) = preSolution
		Debug|Any CPU = Debug|Any CPU
		Release|Any CPU = Release|Any CPU
	EndGlobalSection
	GlobalSection(ProjectConfigurationPlatforms) = postSolution
		{2BD07656-0E41-4434-AA11-4DD26F212BDD}.Debug|Any CPU.ActiveCfg = Debug|Any CPU
		{2BD07656-0E41-4434-AA11-4DD26F212BDD}.Debug|Any CPU.Build.0 = Debug|Any CPU
		{2BD07656-0E41-4434-AA11-4DD26F212BDD}.Release|Any CPU.ActiveCfg = Release|Any CPU
		{2BD07656-0E41-4434-AA11-4DD26F212BDD}.Release|Any CPU.Build.0 = Release|Any CPU
	EndGlobalSection
	GlobalSection(SolutionProperties) = preSolution
		HideSolutionNode = FALSE
	EndGlobalSection
	GlobalSection(ExtensibilityGlobals) = postSolution
		SolutionGuid = {458A5219-B51A-4960-80E6-3F22CA95869E}
	EndGlobalSection
EndGlobal
